
Microsoft Visual Studio Solution File, Format Version 12.00
# Visual Studio 15
VisualStudioVersion = 15.0.27428.2005
MinimumVisualStudioVersion = 10.0.40219.1
Project("{FAE04EC0-301F-11D3-BF4B-00C04F79EFBC}") = "Program", "ConsoleApp2\Program.csproj", "{664CEC7A-9978-4F85-B87C-69CA34DBFFF2}"
EndProject
Project("{FAE04EC0-301F-11D3-BF4B-00C04F79EFBC}") = "Program.Tests", "Program.Tests02\Program.Tests.csproj", "{5D73D8E3-19D0-4CF1-B8FF-58F1D925D58F}"
EndProject
Project("{FAE04EC0-301F-11D3-BF4B-00C04F79EFBC}") = "Program.Tests1", "Program.Tests03\Program.Tests1.csproj", "{C8FE3776-BAA8-499B-9768-CFCB162DA5E5}"
EndProject
Project("{FAE04EC0-301F-11D3-BF4B-00C04F79EFBC}") = "Program.Tests2", "Program.Tests04\Program.Tests2.csproj", "{06F15E36-771A-4BBF-B20E-1708FCD1F68C}"
EndProject
Project("{FAE04EC0-301F-11D3-BF4B-00C04F79EFBC}") = "Program.Tests3", "Program.Tests05\Program.Tests3.csproj", "{E15D60C7-916E-4DBD-B568-600D146C4812}"
EndProject
Project("{FAE04EC0-301F-11D3-BF4B-00C04F79EFBC}") = "Program.Tests4", "Program.Tests06\Program.Tests4.csproj", "{676E3FDF-61FA-408D-8734-4F77E2631B0D}"
EndProject
Project("{FAE04EC0-301F-11D3-BF4B-00C04F79EFBC}") = "Program.Tests5", "Program.Tests07\Program.Tests5.csproj", "{3CC41FB9-173F-4A46-88D5-B365EC201694}"
EndProject
Global
	GlobalSection(SolutionConfigurationPlatforms) = preSolution
		Debug|Any CPU = Debug|Any CPU
		Release|Any CPU = Release|Any CPU
	EndGlobalSection
	GlobalSection(ProjectConfigurationPlatforms) = postSolution
		{664CEC7A-9978-4F85-B87C-69CA34DBFFF2}.Debug|Any CPU.ActiveCfg = Debug|Any CPU
		{664CEC7A-9978-4F85-B87C-69CA34DBFFF2}.Debug|Any CPU.Build.0 = Debug|Any CPU
		{664CEC7A-9978-4F85-B87C-69CA34DBFFF2}.Release|Any CPU.ActiveCfg = Release|Any CPU
		{664CEC7A-9978-4F85-B87C-69CA34DBFFF2}.Release|Any CPU.Build.0 = Release|Any CPU
		{5D73D8E3-19D0-4CF1-B8FF-58F1D925D58F}.Debug|Any CPU.ActiveCfg = Debug|Any CPU
		{5D73D8E3-19D0-4CF1-B8FF-58F1D925D58F}.Debug|Any CPU.Build.0 = Debug|Any CPU
		{5D73D8E3-19D0-4CF1-B8FF-58F1D925D58F}.Release|Any CPU.ActiveCfg = Release|Any CPU
		{5D73D8E3-19D0-4CF1-B8FF-58F1D925D58F}.Release|Any CPU.Build.0 = Release|Any CPU
		{C8FE3776-BAA8-499B-9768-CFCB162DA5E5}.Debug|Any CPU.ActiveCfg = Debug|Any CPU
		{C8FE3776-BAA8-499B-9768-CFCB162DA5E5}.Debug|Any CPU.Build.0 = Debug|Any CPU
		{C8FE3776-BAA8-499B-9768-CFCB162DA5E5}.Release|Any CPU.ActiveCfg = Release|Any CPU
		{C8FE3776-BAA8-499B-9768-CFCB162DA5E5}.Release|Any CPU.Build.0 = Release|Any CPU
		{06F15E36-771A-4BBF-B20E-1708FCD1F68C}.Debug|Any CPU.ActiveCfg = Debug|Any CPU
		{06F15E36-771A-4BBF-B20E-1708FCD1F68C}.Debug|Any CPU.Build.0 = Debug|Any CPU
		{06F15E36-771A-4BBF-B20E-1708FCD1F68C}.Release|Any CPU.ActiveCfg = Release|Any CPU
		{06F15E36-771A-4BBF-B20E-1708FCD1F68C}.Release|Any CPU.Build.0 = Release|Any CPU
		{E15D60C7-916E-4DBD-B568-600D146C4812}.Debug|Any CPU.ActiveCfg = Debug|Any CPU
		{E15D60C7-916E-4DBD-B568-600D146C4812}.Debug|Any CPU.Build.0 = Debug|Any CPU
		{E15D60C7-916E-4DBD-B568-600D146C4812}.Release|Any CPU.ActiveCfg = Release|Any CPU
		{E15D60C7-916E-4DBD-B568-600D146C4812}.Release|Any CPU.Build.0 = Release|Any CPU
		{676E3FDF-61FA-408D-8734-4F77E2631B0D}.Debug|Any CPU.ActiveCfg = Debug|Any CPU
		{676E3FDF-61FA-408D-8734-4F77E2631B0D}.Debug|Any CPU.Build.0 = Debug|Any CPU
		{676E3FDF-61FA-408D-8734-4F77E2631B0D}.Release|Any CPU.ActiveCfg = Release|Any CPU
		{676E3FDF-61FA-408D-8734-4F77E2631B0D}.Release|Any CPU.Build.0 = Release|Any CPU
		{3CC41FB9-173F-4A46-88D5-B365EC201694}.Debug|Any CPU.ActiveCfg = Debug|Any CPU
		{3CC41FB9-173F-4A46-88D5-B365EC201694}.Debug|Any CPU.Build.0 = Debug|Any CPU
		{3CC41FB9-173F-4A46-88D5-B365EC201694}.Release|Any CPU.ActiveCfg = Release|Any CPU
		{3CC41FB9-173F-4A46-88D5-B365EC201694}.Release|Any CPU.Build.0 = Release|Any CPU
	EndGlobalSection
	GlobalSection(SolutionProperties) = preSolution
		HideSolutionNode = FALSE
	EndGlobalSection
	GlobalSection(ExtensibilityGlobals) = postSolution
		SolutionGuid = {7E964CFF-40FF-4439-B5F2-52D8DC5498B8}
	EndGlobalSection
EndGlobal
